// !$*UTF8*$!
{
	archiveVersion = 1;
	classes = {
	};
	objectVersion = 77;
	objects = {

/* Begin PBXContainerItemProxy section */
		84E992FD2F7920BA00C83F13 /* PBXContainerItemProxy */ = {
			isa = PBXContainerItemProxy;
			containerPortal = 84E992E72F7920B900C83F13 /* Project object */;
			proxyType = 1;
			remoteGlobalIDString = 84E992EE2F7920B900C83F13;
			remoteInfo = UKRadarSim;
		};
		84E993072F7920BA00C83F13 /* PBXContainerItemProxy */ = {
			isa = PBXContainerItemProxy;
			containerPortal = 84E992E72F7920B900C83F13 /* Project object */;
			proxyType = 1;
			remoteGlobalIDString = 84E992EE2F7920B900C83F13;
			remoteInfo = UKRadarSim;
		};
/* End PBXContainerItemProxy section */

/* Begin PBXFileReference section */
		84E992EF2F7920B900C83F13 /* UKRadarSim.app */ = {isa = PBXFileReference; explicitFileType = wrapper.application; includeInIndex = 0; path = UKRadarSim.app; sourceTree = BUILT_PRODUCTS_DIR; };
		84E992FC2F7920BA00C83F13 /* UKRadarSimTests.xctest */ = {isa = PBXFileReference; explicitFileType = wrapper.cfbundle; includeInIndex = 0; path = UKRadarSimTests.xctest; sourceTree = BUILT_PRODUCTS_DIR; };
		84E993062F7920BA00C83F13 /* UKRadarSimUITests.xctest */ = {isa = PBXFileReference; explicitFileType = wrapper.cfbundle; includeInIndex = 0; path = UKRadarSimUITests.xctest; sourceTree = BUILT_PRODUCTS_DIR; };
/* End PBXFileReference section */

/* Begin PBXFileSystemSynchronizedRootGroup section */
		84E992F12F7920B900C83F13 /* UKRadarSim */ = {
			isa = PBXFileSystemSynchronizedRootGroup;
			path = UKRadarSim;
			sourceTree = "<group>";
		};
		84E992FF2F7920BA00C83F13 /* UKRadarSimTests */ = {
			isa = PBXFileSystemSynchronizedRootGroup;
			path = UKRadarSimTests;
			sourceTree = "<group>";
		};
		84E993092F7920BA00C83F13 /* UKRadarSimUITests */ = {
			isa = PBXFileSystemSynchronizedRootGroup;
			path = UKRadarSimUITests;
			sourceTree = "<group>";
		};
/* End PBXFileSystemSynchronizedRootGroup section */

/* Begin PBXFrameworksBuildPhase section */
		84E992EC2F7920B900C83F13 /* Frameworks */ = {
			isa = PBXFrameworksBuildPhase;
			buildActionMask = 2147483647;
			files = (
			);
			runOnlyForDeploymentPostprocessing = 0;
		};
		84E992F92F7920BA00C83F13 /* Frameworks */ = {
			isa = PBXFrameworksBuildPhase;
			buildActionMask = 2147483647;
			files = (
			);
			runOnlyForDeploymentPostprocessing = 0;
		};
		84E993032F7920BA00C83F13 /* Frameworks */ = {
			isa = PBXFrameworksBuildPhase;
			buildActionMask = 2147483647;
			files = (
			);
			runOnlyForDeploymentPostprocessing = 0;
		};
/* End PBXFrameworksBuildPhase section */

/* Begin PBXGroup section */
		84E992E62F7920B900C83F13 = {
			isa = PBXGroup;
			children = (
				84E992F12F7920B900C83F13 /* UKRadarSim */,
				84E992FF2F7920BA00C83F13 /* UKRadarSimTests */,
				84E993092F7920BA00C83F13 /* UKRadarSimUITests */,
				84E992F02F7920B900C83F13 /* Products */,
			);
			sourceTree = "<group>";
		};
		84E992F02F7920B900C83F13 /* Products */ = {
			isa = PBXGroup;
			children = (
				84E992EF2F7920B900C83F13 /* UKRadarSim.app */,
				84E992FC2F7920BA00C83F13 /* UKRadarSimTests.xctest */,
				84E993062F7920BA00C83F13 /* UKRadarSimUITests.xctest */,
			);
			name = Products;
			sourceTree = "<group>";
		};
/* End PBXGroup section */

/* Begin PBXNativeTarget section */
		84E992EE2F7920B900C83F13 /* UKRadarSim */ = {
			isa = PBXNativeTarget;
			buildConfigurationList = 84E993102F7920BA00C83F13 /* Build configuration list for PBXNativeTarget "UKRadarSim" */;
			buildPhases = (
				84E992EB2F7920B900C83F13 /* Sources */,
				84E992EC2F7920B900C83F13 /* Frameworks */,
				84E992ED2F7920B900C83F13 /* Resources */,
			);
			buildRules = (
			);
			dependencies = (
			);
			fileSystemSynchronizedGroups = (
				84E992F12F7920B900C83F13 /* UKRadarSim */,
			);
			name = UKRadarSim;
			packageProductDependencies = (
			);
			productName = UKRadarSim;
			productReference = 84E992EF2F7920B900C83F13 /* UKRadarSim.app */;
			productType = "com.apple.product-type.application";
		};
		84E992FB2F7920BA00C83F13 /* UKRadarSimTests */ = {
			isa = PBXNativeTarget;
			buildConfigurationList = 84E993132F7920BA00C83F13 /* Build configuration list for PBXNativeTarget "UKRadarSimTests" */;
			buildPhases = (
				84E992F82F7920BA00C83F13 /* Sources */,
				84E992F92F7920BA00C83F13 /* Frameworks */,
				84E992FA2F7920BA00C83F13 /* Resources */,
			);
			buildRules = (
			);
			dependencies = (
				84E992FE2F7920BA00C83F13 /* PBXTargetDependency */,
			);
			fileSystemSynchronizedGroups = (
				84E992FF2F7920BA00C83F13 /* UKRadarSimTests */,
			);
			name = UKRadarSimTests;
			packageProductDependencies = (
			);
			productName = UKRadarSimTests;
			productReference = 84E992FC2F7920BA00C83F13 /* UKRadarSimTests.xctest */;
			productType = "com.apple.product-type.bundle.unit-test";
		};
		84E993052F7920BA00C83F13 /* UKRadarSimUITests */ = {
			isa = PBXNativeTarget;
			buildConfigurationList = 84E993162F7920BA00C83F13 /* Build configuration list for PBXNativeTarget "UKRadarSimUITests" */;
			buildPhases = (
				84E993022F7920BA00C83F13 /* Sources */,
				84E993032F7920BA00C83F13 /* Frameworks */,
				84E993042F7920BA00C83F13 /* Resources */,
			);
			buildRules = (
			);
			dependencies = (
				84E993082F7920BA00C83F13 /* PBXTargetDependency */,
			);
			fileSystemSynchronizedGroups = (
				84E993092F7920BA00C83F13 /* UKRadarSimUITests */,
			);
			name = UKRadarSimUITests;
			packageProductDependencies = (
			);
			productName = UKRadarSimUITests;
			productReference = 84E993062F7920BA00C83F13 /* UKRadarSimUITests.xctest */;
			productType = "com.apple.product-type.bundle.ui-testing";
		};
/* End PBXNativeTarget section */

/* Begin PBXProject section */
		84E992E72F7920B900C83F13 /* Project object */ = {
			isa = PBXProject;
			attributes = {
				BuildIndependentTargetsInParallel = 1;
				LastSwiftUpdateCheck = 1630;
				LastUpgradeCheck = 1630;
				TargetAttributes = {
					84E992EE2F7920B900C83F13 = {
						CreatedOnToolsVersion = 16.3;
					};
					84E992FB2F7920BA00C83F13 = {
						CreatedOnToolsVersion = 16.3;
						TestTargetID = 84E992EE2F7920B900C83F13;
					};
					84E993052F7920BA00C83F13 = {
						CreatedOnToolsVersion = 16.3;
						TestTargetID = 84E992EE2F7920B900C83F13;
					};
				};
			};
			buildConfigurationList = 84E992EA2F7920B900C83F13 /* Build configuration list for PBXProject "UKRadarSim" */;
			developmentRegion = en;
			hasScannedForEncodings = 0;
			knownRegions = (
				en,
				Base,
			);
			mainGroup = 84E992E62F7920B900C83F13;
			minimizedProjectReferenceProxies = 1;
			preferredProjectObjectVersion = 77;
			productRefGroup = 84E992F02F7920B900C83F13 /* Products */;
			projectDirPath = "";
			projectRoot = "";
			targets = (
				84E992EE2F7920B900C83F13 /* UKRadarSim */,
				84E992FB2F7920BA00C83F13 /* UKRadarSimTests */,
				84E993052F7920BA00C83F13 /* UKRadarSimUITests */,
			);
		};
/* End PBXProject section */

/* Begin PBXResourcesBuildPhase section */
		84E992ED2F7920B900C83F13 /* Resources */ = {
			isa = PBXResourcesBuildPhase;
			buildActionMask = 2147483647;
			files = (
			);
			runOnlyForDeploymentPostprocessing = 0;
		};
		84E992FA2F7920BA00C83F13 /* Resources */ = {
			isa = PBXResourcesBuildPhase;
			buildActionMask = 2147483647;
			files = (
			);
			runOnlyForDeploymentPostprocessing = 0;
		};
		84E993042F7920BA00C83F13 /* Resources */ = {
			isa = PBXResourcesBuildPhase;
			buildActionMask = 2147483647;
			files = (
			);
			runOnlyForDeploymentPostprocessing = 0;
		};
/* End PBXResourcesBuildPhase section */

/* Begin PBXSourcesBuildPhase section */
		84E992EB2F7920B900C83F13 /* Sources */ = {
			isa = PBXSourcesBuildPhase;
			buildActionMask = 2147483647;
			files = (
			);
			runOnlyForDeploymentPostprocessing = 0;
		};
		84E992F82F7920BA00C83F13 /* Sources */ = {
			isa = PBXSourcesBuildPhase;
			buildActionMask = 2147483647;
			files = (
			);
			runOnlyForDeploymentPostprocessing = 0;
		};
		84E993022F7920BA00C83F13 /* Sources */ = {
			isa = PBXSourcesBuildPhase;
			buildActionMask = 2147483647;
			files = (
			);
			runOnlyForDeploymentPostprocessing = 0;
		};
/* End PBXSourcesBuildPhase section */

/* Begin PBXTargetDependency section */
		84E992FE2F7920BA00C83F13 /* PBXTargetDependency */ = {
			isa = PBXTargetDependency;
			target = 84E992EE2F7920B900C83F13 /* UKRadarSim */;
			targetProxy = 84E992FD2F7920BA00C83F13 /* PBXContainerItemProxy */;
		};
		84E993082F7920BA00C83F13 /* PBXTargetDependency */ = {
			isa = PBXTargetDependency;
			target = 84E992EE2F7920B900C83F13 /* UKRadarSim */;
			targetProxy = 84E993072F7920BA00C83F13 /* PBXContainerItemProxy */;
		};
/* End PBXTargetDependency section */

/* Begin XCBuildConfiguration section */
		84E9930E2F7920BA00C83F13 /* Debug */ = {
			isa = XCBuildConfiguration;
			buildSettings = {
				ALWAYS_SEARCH_USER_PATHS = NO;
				ASSETCATALOG_COMPILER_GENERATE_SWIFT_ASSET_SYMBOL_EXTENSIONS = YES;
				CLANG_ANALYZER_NONNULL = YES;
				CLANG_ANALYZER_NUMBER_OBJECT_CONVERSION = YES_AGGRESSIVE;
				CLANG_CXX_LANGUAGE_STANDARD = "gnu++20";
				CLANG_ENABLE_MODULES = YES;
				CLANG_ENABLE_OBJC_ARC = YES;
				CLANG_ENABLE_OBJC_WEAK = YES;
				CLANG_WARN_BLOCK_CAPTURE_AUTORELEASING = YES;
				CLANG_WARN_BOOL_CONVERSION = YES;
				CLANG_WARN_COMMA = YES;
				CLANG_WARN_CONSTANT_CONVERSION = YES;
				CLANG_WARN_DEPRECATED_OBJC_IMPLEMENTATIONS = YES;
				CLANG_WARN_DIRECT_OBJC_ISA_USAGE = YES_ERROR;
				CLANG_WARN_DOCUMENTATION_COMMENTS = YES;
				CLANG_WARN_EMPTY_BODY = YES;
				CLANG_WARN_ENUM_CONVERSION = YES;
				CLANG_WARN_INFINITE_RECURSION = YES;
				CLANG_WARN_INT_CONVERSION = YES;
				CLANG_WARN_NON_LITERAL_NULL_CONVERSION = YES;
				CLANG_WARN_OBJC_IMPLICIT_RETAIN_SELF = YES;
				CLANG_WARN_OBJC_LITERAL_CONVERSION = YES;
				CLANG_WARN_OBJC_ROOT_CLASS = YES_ERROR;
				CLANG_WARN_QUOTED_INCLUDE_IN_FRAMEWORK_HEADER = YES;
				CLANG_WARN_RANGE_LOOP_ANALYSIS = YES;
				CLANG_WARN_STRICT_PROTOTYPES = YES;
				CLANG_WARN_SUSPICIOUS_MOVE = YES;
				CLANG_WARN_UNGUARDED_AVAILABILITY = YES_AGGRESSIVE;
				CLANG_WARN_UNREACHABLE_CODE = YES;
				CLANG_WARN__DUPLICATE_METHOD_MATCH = YES;
				COPY_PHASE_STRIP = NO;
				DEBUG_INFORMATION_FORMAT = dwarf;
				DEVELOPMENT_TEAM = TJ9NQV32CM;
				ENABLE_STRICT_OBJC_MSGSEND = YES;
				ENABLE_TESTABILITY = YES;
				ENABLE_USER_SCRIPT_SANDBOXING = YES;
				GCC_C_LANGUAGE_STANDARD = gnu17;
				GCC_DYNAMIC_NO_PIC = NO;
				GCC_NO_COMMON_BLOCKS = YES;
				GCC_OPTIMIZATION_LEVEL = 0;
				GCC_PREPROCESSOR_DEFINITIONS = (
					"DEBUG=1",
					"$(inherited)",
				);
				GCC_WARN_64_TO_32_BIT_CONVERSION = YES;
				GCC_WARN_ABOUT_RETURN_TYPE = YES_ERROR;
				GCC_WARN_UNDECLARED_SELECTOR = YES;
				GCC_WARN_UNINITIALIZED_AUTOS = YES_AGGRESSIVE;
				GCC_WARN_UNUSED_FUNCTION = YES;
				GCC_WARN_UNUSED_VARIABLE = YES;
				IPHONEOS_DEPLOYMENT_TARGET = 18.4;
				LOCALIZATION_PREFERS_STRING_CATALOGS = YES;
				MTL_ENABLE_DEBUG_INFO = INCLUDE_SOURCE;
				MTL_FAST_MATH = YES;
				ONLY_ACTIVE_ARCH = YES;
				SDKROOT = iphoneos;
				SWIFT_ACTIVE_COMPILATION_CONDITIONS = "DEBUG $(inherited)";
				SWIFT_OPTIMIZATION_LEVEL = "-Onone";
			};
			name = Debug;
		};
		84E9930F2F7920BA00C83F13 /* Release */ = {
			isa = XCBuildConfiguration;
			buildSettings = {
				ALWAYS_SEARCH_USER_PATHS = NO;
				ASSETCATALOG_COMPILER_GENERATE_SWIFT_ASSET_SYMBOL_EXTENSIONS = YES;
				CLANG_ANALYZER_NONNULL = YES;
				CLANG_ANALYZER_NUMBER_OBJECT_CONVERSION = YES_AGGRESSIVE;
				CLANG_CXX_LANGUAGE_STANDARD = "gnu++20";
				CLANG_ENABLE_MODULES = YES;
				CLANG_ENABLE_OBJC_ARC = YES;
				CLANG_ENABLE_OBJC_WEAK = YES;
				CLANG_WARN_BLOCK_CAPTURE_AUTORELEASING = YES;
				CLANG_WARN_BOOL_CONVERSION = YES;
				CLANG_WARN_COMMA = YES;
				CLANG_WARN_CONSTANT_CONVERSION = YES;
				CLANG_WARN_DEPRECATED_OBJC_IMPLEMENTATIONS = YES;
				CLANG_WARN_DIRECT_OBJC_ISA_USAGE = YES_ERROR;
				CLANG_WARN_DOCUMENTATION_COMMENTS = YES;
				CLANG_WARN_EMPTY_BODY = YES;
				CLANG_WARN_ENUM_CONVERSION = YES;
				CLANG_WARN_INFINITE_RECURSION = YES;
				CLANG_WARN_INT_CONVERSION = YES;
				CLANG_WARN_NON_LITERAL_NULL_CONVERSION = YES;
				CLANG_WARN_OBJC_IMPLICIT_RETAIN_SELF = YES;
				CLANG_WARN_OBJC_LITERAL_CONVERSION = YES;
				CLANG_WARN_OBJC_ROOT_CLASS = YES_ERROR;
				CLANG_WARN_QUOTED_INCLUDE_IN_FRAMEWORK_HEADER = YES;
				CLANG_WARN_RANGE_LOOP_ANALYSIS = YES;
				CLANG_WARN_STRICT_PROTOTYPES = YES;
				CLANG_WARN_SUSPICIOUS_MOVE = YES;
				CLANG_WARN_UNGUARDED_AVAILABILITY = YES_AGGRESSIVE;
				CLANG_WARN_UNREACHABLE_CODE = YES;
				CLANG_WARN__DUPLICATE_METHOD_MATCH = YES;
				COPY_PHASE_STRIP = NO;
				DEBUG_INFORMATION_FORMAT = "dwarf-with-dsym";
				DEVELOPMENT_TEAM = TJ9NQV32CM;
				ENABLE_NS_ASSERTIONS = NO;
				ENABLE_STRICT_OBJC_MSGSEND = YES;
				ENABLE_USER_SCRIPT_SANDBOXING = YES;
				GCC_C_LANGUAGE_STANDARD = gnu17;
				GCC_NO_COMMON_BLOCKS = YES;
				GCC_WARN_64_TO_32_BIT_CONVERSION = YES;
				GCC_WARN_ABOUT_RETURN_TYPE = YES_ERROR;
				GCC_WARN_UNDECLARED_SELECTOR = YES;
				GCC_WARN_UNINITIALIZED_AUTOS = YES_AGGRESSIVE;
				GCC_WARN_UNUSED_FUNCTION = YES;
				GCC_WARN_UNUSED_VARIABLE = YES;
				IPHONEOS_DEPLOYMENT_TARGET = 18.4;
				LOCALIZATION_PREFERS_STRING_CATALOGS = YES;
				MTL_ENABLE_DEBUG_INFO = NO;
				MTL_FAST_MATH = YES;
				SDKROOT = iphoneos;
				SWIFT_COMPILATION_MODE = wholemodule;
				VALIDATE_PRODUCT = YES;
			};
			name = Release;
		};
		84E993112F7920BA00C83F13 /* Debug */ = {
			isa = XCBuildConfiguration;
			buildSettings = {
				ASSETCATALOG_COMPILER_APPICON_NAME = AppIcon;
				ASSETCATALOG_COMPILER_GLOBAL_ACCENT_COLOR_NAME = AccentColor;
				CODE_SIGN_STYLE = Automatic;
				CURRENT_PROJECT_VERSION = 1;
				DEVELOPMENT_TEAM = TJ9NQV32CM;
				ENABLE_PREVIEWS = YES;
				GENERATE_INFOPLIST_FILE = YES;
				INFOPLIST_KEY_UIApplicationSceneManifest_Generation = YES;
				INFOPLIST_KEY_UIApplicationSupportsIndirectInputEvents = YES;
				INFOPLIST_KEY_UILaunchScreen_Generation = YES;
				INFOPLIST_KEY_UISupportedInterfaceOrientations_iPad = "UIInterfaceOrientationPortrait UIInterfaceOrientationPortraitUpsideDown UIInterfaceOrientationLandscapeLeft UIInterfaceOrientationLandscapeRight";
				INFOPLIST_KEY_UISupportedInterfaceOrientations_iPhone = "UIInterfaceOrientationPortrait UIInterfaceOrientationLandscapeLeft UIInterfaceOrientationLandscapeRight";
				LD_RUNPATH_SEARCH_PATHS = (
					"$(inherited)",
					"@executable_path/Frameworks",
				);
				MARKETING_VERSION = 1.0;
				PRODUCT_BUNDLE_IDENTIFIER = ID.UKRadarSim;
				PRODUCT_NAME = "$(TARGET_NAME)";
				SWIFT_EMIT_LOC_STRINGS = YES;
				SWIFT_VERSION = 5.0;
				TARGETED_DEVICE_FAMILY = "1,2";
			};
			name = Debug;
		};
		84E993122F7920BA00C83F13 /* Release */ = {
			isa = XCBuildConfiguration;
			buildSettings = {
				ASSETCATALOG_COMPILER_APPICON_NAME = AppIcon;
				ASSETCATALOG_COMPILER_GLOBAL_ACCENT_COLOR_NAME = AccentColor;
				CODE_SIGN_STYLE = Automatic;
				CURRENT_PROJECT_VERSION = 1;
				DEVELOPMENT_TEAM = TJ9NQV32CM;
				ENABLE_PREVIEWS = YES;
				GENERATE_INFOPLIST_FILE = YES;
				INFOPLIST_KEY_UIApplicationSceneManifest_Generation = YES;
				INFOPLIST_KEY_UIApplicationSupportsIndirectInputEvents = YES;
				INFOPLIST_KEY_UILaunchScreen_Generation = YES;
				INFOPLIST_KEY_UISupportedInterfaceOrientations_iPad = "UIInterfaceOrientationPortrait UIInterfaceOrientationPortraitUpsideDown UIInterfaceOrientationLandscapeLeft UIInterfaceOrientationLandscapeRight";
				INFOPLIST_KEY_UISupportedInterfaceOrientations_iPhone = "UIInterfaceOrientationPortrait UIInterfaceOrientationLandscapeLeft UIInterfaceOrientationLandscapeRight";
				LD_RUNPATH_SEARCH_PATHS = (
					"$(inherited)",
					"@executable_path/Frameworks",
				);
				MARKETING_VERSION = 1.0;
				PRODUCT_BUNDLE_IDENTIFIER = ID.UKRadarSim;
				PRODUCT_NAME = "$(TARGET_NAME)";
				SWIFT_EMIT_LOC_STRINGS = YES;
				SWIFT_VERSION = 5.0;
				TARGETED_DEVICE_FAMILY = "1,2";
			};
			name = Release;
		};
		84E993142F7920BA00C83F13 /* Debug */ = {
			isa = XCBuildConfiguration;
			buildSettings = {
				BUNDLE_LOADER = "$(TEST_HOST)";
				CODE_SIGN_STYLE = Automatic;
				CURRENT_PROJECT_VERSION = 1;
				DEVELOPMENT_TEAM = TJ9NQV32CM;
				GENERATE_INFOPLIST_FILE = YES;
				IPHONEOS_DEPLOYMENT_TARGET = 18.4;
				MARKETING_VERSION = 1.0;
				PRODUCT_BUNDLE_IDENTIFIER = ID.UKRadarSimTests;
				PRODUCT_NAME = "$(TARGET_NAME)";
				SWIFT_EMIT_LOC_STRINGS = NO;
				SWIFT_VERSION = 5.0;
				TARGETED_DEVICE_FAMILY = "1,2";
				TEST_HOST = "$(BUILT_PRODUCTS_DIR)/UKRadarSim.app/$(BUNDLE_EXECUTABLE_FOLDER_PATH)/UKRadarSim";
			};
			name = Debug;
		};
		84E993152F7920BA00C83F13 /* Release */ = {
			isa = XCBuildConfiguration;
			buildSettings = {
				BUNDLE_LOADER = "$(TEST_HOST)";
				CODE_SIGN_STYLE = Automatic;
				CURRENT_PROJECT_VERSION = 1;
				DEVELOPMENT_TEAM = TJ9NQV32CM;
				GENERATE_INFOPLIST_FILE = YES;
				IPHONEOS_DEPLOYMENT_TARGET = 18.4;
				MARKETING_VERSION = 1.0;
				PRODUCT_BUNDLE_IDENTIFIER = ID.UKRadarSimTests;
				PRODUCT_NAME = "$(TARGET_NAME)";
				SWIFT_EMIT_LOC_STRINGS = NO;
				SWIFT_VERSION = 5.0;
				TARGETED_DEVICE_FAMILY = "1,2";
				TEST_HOST = "$(BUILT_PRODUCTS_DIR)/UKRadarSim.app/$(BUNDLE_EXECUTABLE_FOLDER_PATH)/UKRadarSim";
			};
			name = Release;
		};
		84E993172F7920BA00C83F13 /* Debug */ = {
			isa = XCBuildConfiguration;
			buildSettings = {
				CODE_SIGN_STYLE = Automatic;
				CURRENT_PROJECT_VERSION = 1;
				DEVELOPMENT_TEAM = TJ9NQV32CM;
				GENERATE_INFOPLIST_FILE = YES;
				MARKETING_VERSION = 1.0;
				PRODUCT_BUNDLE_IDENTIFIER = ID.UKRadarSimUITests;
				PRODUCT_NAME = "$(TARGET_NAME)";
				SWIFT_EMIT_LOC_STRINGS = NO;
				SWIFT_VERSION = 5.0;
				TARGETED_DEVICE_FAMILY = "1,2";
				TEST_TARGET_NAME = UKRadarSim;
			};
			name = Debug;
		};
		84E993182F7920BA00C83F13 /* Release */ = {
			isa = XCBuildConfiguration;
			buildSettings = {
				CODE_SIGN_STYLE = Automatic;
				CURRENT_PROJECT_VERSION = 1;
				DEVELOPMENT_TEAM = TJ9NQV32CM;
				GENERATE_INFOPLIST_FILE = YES;
				MARKETING_VERSION = 1.0;
				PRODUCT_BUNDLE_IDENTIFIER = ID.UKRadarSimUITests;
				PRODUCT_NAME = "$(TARGET_NAME)";
				SWIFT_EMIT_LOC_STRINGS = NO;
				SWIFT_VERSION = 5.0;
				TARGETED_DEVICE_FAMILY = "1,2";
				TEST_TARGET_NAME = UKRadarSim;
			};
			name = Release;
		};
/* End XCBuildConfiguration section */

/* Begin XCConfigurationList section */
		84E992EA2F7920B900C83F13 /* Build configuration list for PBXProject "UKRadarSim" */ = {
			isa = XCConfigurationList;
			buildConfigurations = (
				84E9930E2F7920BA00C83F13 /* Debug */,
				84E9930F2F7920BA00C83F13 /* Release */,
			);
			defaultConfigurationIsVisible = 0;
			defaultConfigurationName = Release;
		};
		84E993102F7920BA00C83F13 /* Build configuration list for PBXNativeTarget "UKRadarSim" */ = {
			isa = XCConfigurationList;
			buildConfigurations = (
				84E993112F7920BA00C83F13 /* Debug */,
				84E993122F7920BA00C83F13 /* Release */,
			);
			defaultConfigurationIsVisible = 0;
			defaultConfigurationName = Release;
		};
		84E993132F7920BA00C83F13 /* Build configuration list for PBXNativeTarget "UKRadarSimTests" */ = {
			isa = XCConfigurationList;
			buildConfigurations = (
				84E993142F7920BA00C83F13 /* Debug */,
				84E993152F7920BA00C83F13 /* Release */,
			);
			defaultConfigurationIsVisible = 0;
			defaultConfigurationName = Release;
		};
		84E993162F7920BA00C83F13 /* Build configuration list for PBXNativeTarget "UKRadarSimUITests" */ = {
			isa = XCConfigurationList;
			buildConfigurations = (
				84E993172F7920BA00C83F13 /* Debug */,
				84E993182F7920BA00C83F13 /* Release */,
			);
			defaultConfigurationIsVisible = 0;
			defaultConfigurationName = Release;
		};
/* End XCConfigurationList section */
	};
	rootObject = 84E992E72F7920B900C83F13 /* Project object */;
}
